
Microsoft Visual Studio Solution File, Format Version 12.00
# Visual Studio Version 16
VisualStudioVersion = 16.0.31911.196
MinimumVisualStudioVersion = 10.0.40219.1
Project("{FAE04EC0-301F-11D3-BF4B-00C04F79EFBC}") = "qlpk", "qlpk\qlpk.csproj", "{0C8C5DBD-40ED-4685-87C9-D0C678886706}"
EndProject
Global
	GlobalSection(SolutionConfigurationPlatforms) = preSolution
		Debug|Any CPU = Debug|Any CPU
		Release|Any CPU = Release|Any CPU
	EndGlobalSection
	GlobalSection(ProjectConfigurationPlatforms) = postSolution
		{0C8C5DBD-40ED-4685-87C9-D0C678886706}.Debug|Any CPU.ActiveCfg = Debug|Any CPU
		{0C8C5DBD-40ED-4685-87C9-D0C678886706}.Debug|Any CPU.Build.0 = Debug|Any CPU
		{0C8C5DBD-40ED-4685-87C9-D0C678886706}.Release|Any CPU.ActiveCfg = Release|Any CPU
		{0C8C5DBD-40ED-4685-87C9-D0C678886706}.Release|Any CPU.Build.0 = Release|Any CPU
	EndGlobalSection
	GlobalSection(SolutionProperties) = preSolution
		HideSolutionNode = FALSE
	EndGlobalSection
	GlobalSection(ExtensibilityGlobals) = postSolution
		SolutionGuid = {FDBF2B87-63BA-41C3-94E7-50430B73ED0E}
	EndGlobalSection
EndGlobal
